<?xml version="1.0" encoding="UTF-8" standalone="yes" ?>
<CodeBlocks_project_file>
	<FileVersion major="1" minor="6" />
	<Project>
		<Option title="Clash of UNLa" />
		<Option pch_mode="2" />
		<Option compiler="gcc" />
		<Build>
			<Target title="Debug">
				<Option output="bin/Debug/Clash of UNLa" prefix_auto="1" extension_auto="1" />
				<Option object_output="obj/Debug/" />
				<Option type="1" />
				<Option compiler="gcc" />
				<Compiler>
					<Add option="-g" />
				</Compiler>
			</Target>
			<Target title="Release">
				<Option output="bin/Release/Clash of UNLa" prefix_auto="1" extension_auto="1" />
				<Option object_output="obj/Release/" />
				<Option type="1" />
				<Option compiler="gcc" />
				<Compiler>
					<Add option="-O2" />
				</Compiler>
				<Linker>
					<Add option="-s" />
				</Linker>
			</Target>
		</Build>
		<Compiler>
			<Add option="-Wall" />
			<Add option="-fexceptions" />
		</Compiler>
		<Unit filename="Clash of UNLa.cbp" />
		<Unit filename="Clash of UNLa.depend" />
		<Unit filename="Clash of UNLa.layout" />
		<Unit filename="LICENSE.freetype.txt" />
		<Unit filename="LICENSE.zlib.txt" />
		<Unit filename="Lista.cpp" />
		<Unit filename="Lista.h" />
		<Unit filename="Lista.h.gch" />
		<Unit filename="ListaCajas.h" />
		<Unit filename="Pila.cpp" />
		<Unit filename="Pila.h" />
		<Unit filename="README.md" />
		<Unit filename="SDL2.dll" />
		<Unit filename="SDL2_image.dll" />
		<Unit filename="SDL2_ttf.dll" />
		<Unit filename="Vagon.cpp" />
		<Unit filename="Vagon.h" />
		<Unit filename="archivo.cpp" />
		<Unit filename="archivo.h" />
		<Unit filename="bandido.cpp" />
		<Unit filename="bandido.h" />
		<Unit filename="caja.cpp" />
		<Unit filename="caja.h" />
		<Unit filename="caravana.cpp" />
		<Unit filename="caravana.h" />
		<Unit filename="comanda.txt" />
		<Unit filename="estacion.cpp" />
		<Unit filename="estacion.h" />
		<Unit filename="fuente.ttf" />
		<Unit filename="libfreetype-6.dll" />
		<Unit filename="libgcc_s_dw2-1 - copia.dll" />
		<Unit filename="libgcc_s_dw2-1.dll" />
		<Unit filename="libjpeg-9 - copia.dll" />
		<Unit filename="libjpeg-9.dll" />
		<Unit filename="libpng16-16 - copia.dll" />
		<Unit filename="libpng16-16.dll" />
		<Unit filename="libtiff-5 - copia.dll" />
		<Unit filename="libtiff-5.dll" />
		<Unit filename="libwebp-4 - copia.dll" />
		<Unit filename="libwebp-4.dll" />
		<Unit filename="locomotora.cpp" />
		<Unit filename="locomotora.h" />
		<Unit filename="main.cpp" />
		<Unit filename="mina.cpp" />
		<Unit filename="mina.h" />
		<Unit filename="minas.txt" />
		<Unit filename="moneda.cpp" />
		<Unit filename="moneda.h" />
		<Unit filename="pantalla.cpp" />
		<Unit filename="pantalla.h" />
		<Unit filename="parametros.txt" />
		<Unit filename="parametros2.txt" />
		<Unit filename="pruebaTexto.cpp" />
		<Unit filename="terreno.cpp" />
		<Unit filename="terreno.h" />
		<Unit filename="zlib1.dll" />
		<Extensions>
			<code_completion />
			<envvars />
			<debugger />
		</Extensions>
	</Project>
</CodeBlocks_project_file>
